
Microsoft Visual Studio Solution File, Format Version 12.00
# Visual Studio 15
VisualStudioVersion = 15.0.28307.271
MinimumVisualStudioVersion = 10.0.40219.1
Project("{FAE04EC0-301F-11D3-BF4B-00C04F79EFBC}") = "Assignment1_S19", "Assignment1_S19\Assignment1_S19.csproj", "{BAA51907-8766-45F2-8DF4-64A992AAF5DE}"
EndProject
Global
	GlobalSection(SolutionConfigurationPlatforms) = preSolution
		Debug|Any CPU = Debug|Any CPU
		Release|Any CPU = Release|Any CPU
	EndGlobalSection
	GlobalSection(ProjectConfigurationPlatforms) = postSolution
		{BAA51907-8766-45F2-8DF4-64A992AAF5DE}.Debug|Any CPU.ActiveCfg = Debug|Any CPU
		{BAA51907-8766-45F2-8DF4-64A992AAF5DE}.Debug|Any CPU.Build.0 = Debug|Any CPU
		{BAA51907-8766-45F2-8DF4-64A992AAF5DE}.Release|Any CPU.ActiveCfg = Release|Any CPU
		{BAA51907-8766-45F2-8DF4-64A992AAF5DE}.Release|Any CPU.Build.0 = Release|Any CPU
	EndGlobalSection
	GlobalSection(SolutionProperties) = preSolution
		HideSolutionNode = FALSE
	EndGlobalSection
	GlobalSection(ExtensibilityGlobals) = postSolution
		SolutionGuid = {9B2EC575-239E-45B5-B80C-5357A31054A2}
	EndGlobalSection
EndGlobal
